
Microsoft Visual Studio Solution File, Format Version 12.00
# Visual Studio Version 17
VisualStudioVersion = 17.0.31903.59
MinimumVisualStudioVersion = 10.0.40219.1
Project("{2150E333-8FDC-42A3-9474-1A3956D46DE8}") = "src", "src", "{A2B7A4B0-4CAA-434D-982A-1DA6357B2800}"
EndProject
Project("{FAE04EC0-301F-11D3-BF4B-00C04F79EFBC}") = "InsightFlow.Domain", "src\InsightFlow.Domain\InsightFlow.Domain.csproj", "{182CA661-920B-4D82-BC68-F50D75E9B12E}"
EndProject
Project("{FAE04EC0-301F-11D3-BF4B-00C04F79EFBC}") = "InsightFlow.Application", "src\InsightFlow.Application\InsightFlow.Application.csproj", "{634EB959-70AC-43A7-A93C-0939274457D6}"
EndProject
Project("{FAE04EC0-301F-11D3-BF4B-00C04F79EFBC}") = "InsightFlow.Infrastructure", "src\InsightFlow.Infrastructure\InsightFlow.Infrastructure.csproj", "{FFBEC69F-BC97-4291-82D8-35A2C8FFEB0E}"
EndProject
Project("{FAE04EC0-301F-11D3-BF4B-00C04F79EFBC}") = "InsightFlow.Api", "src\InsightFlow.Api\InsightFlow.Api.csproj", "{24BEABF6-B71E-4071-B1C5-EBE943D47606}"
EndProject
Project("{2150E333-8FDC-42A3-9474-1A3956D46DE8}") = "tests", "tests", "{60473A72-F4F2-4B16-9357-A0948ADF733D}"
EndProject
Project("{FAE04EC0-301F-11D3-BF4B-00C04F79EFBC}") = "InsightFlow.UnitTests", "tests\InsightFlow.UnitTests\InsightFlow.UnitTests.csproj", "{45018301-442C-42D9-AB59-2B5E841965BF}"
EndProject
Project("{FAE04EC0-301F-11D3-BF4B-00C04F79EFBC}") = "InsightFlow.IntegrationTests", "tests\InsightFlow.IntegrationTests\InsightFlow.IntegrationTests.csproj", "{3ED39DEB-A0B9-4BBB-AF4A-886B5F9DADD8}"
EndProject
Project("{FAE04EC0-301F-11D3-BF4B-00C04F79EFBC}") = "Common", "Common\Common.csproj", "{B6FE7F80-7728-4351-87DE-F3AD6BD6A931}"
EndProject
Global
	GlobalSection(SolutionConfigurationPlatforms) = preSolution
		Debug|Any CPU = Debug|Any CPU
		Release|Any CPU = Release|Any CPU
	EndGlobalSection
	GlobalSection(SolutionProperties) = preSolution
		HideSolutionNode = FALSE
	EndGlobalSection
	GlobalSection(ProjectConfigurationPlatforms) = postSolution
		{182CA661-920B-4D82-BC68-F50D75E9B12E}.Debug|Any CPU.ActiveCfg = Debug|Any CPU
		{182CA661-920B-4D82-BC68-F50D75E9B12E}.Debug|Any CPU.Build.0 = Debug|Any CPU
		{182CA661-920B-4D82-BC68-F50D75E9B12E}.Release|Any CPU.ActiveCfg = Release|Any CPU
		{182CA661-920B-4D82-BC68-F50D75E9B12E}.Release|Any CPU.Build.0 = Release|Any CPU
		{634EB959-70AC-43A7-A93C-0939274457D6}.Debug|Any CPU.ActiveCfg = Debug|Any CPU
		{634EB959-70AC-43A7-A93C-0939274457D6}.Debug|Any CPU.Build.0 = Debug|Any CPU
		{634EB959-70AC-43A7-A93C-0939274457D6}.Release|Any CPU.ActiveCfg = Release|Any CPU
		{634EB959-70AC-43A7-A93C-0939274457D6}.Release|Any CPU.Build.0 = Release|Any CPU
		{FFBEC69F-BC97-4291-82D8-35A2C8FFEB0E}.Debug|Any CPU.ActiveCfg = Debug|Any CPU
		{FFBEC69F-BC97-4291-82D8-35A2C8FFEB0E}.Debug|Any CPU.Build.0 = Debug|Any CPU
		{FFBEC69F-BC97-4291-82D8-35A2C8FFEB0E}.Release|Any CPU.ActiveCfg = Release|Any CPU
		{FFBEC69F-BC97-4291-82D8-35A2C8FFEB0E}.Release|Any CPU.Build.0 = Release|Any CPU
		{24BEABF6-B71E-4071-B1C5-EBE943D47606}.Debug|Any CPU.ActiveCfg = Debug|Any CPU
		{24BEABF6-B71E-4071-B1C5-EBE943D47606}.Debug|Any CPU.Build.0 = Debug|Any CPU
		{24BEABF6-B71E-4071-B1C5-EBE943D47606}.Release|Any CPU.ActiveCfg = Release|Any CPU
		{24BEABF6-B71E-4071-B1C5-EBE943D47606}.Release|Any CPU.Build.0 = Release|Any CPU
		{45018301-442C-42D9-AB59-2B5E841965BF}.Debug|Any CPU.ActiveCfg = Debug|Any CPU
		{45018301-442C-42D9-AB59-2B5E841965BF}.Debug|Any CPU.Build.0 = Debug|Any CPU
		{45018301-442C-42D9-AB59-2B5E841965BF}.Release|Any CPU.ActiveCfg = Release|Any CPU
		{45018301-442C-42D9-AB59-2B5E841965BF}.Release|Any CPU.Build.0 = Release|Any CPU
		{3ED39DEB-A0B9-4BBB-AF4A-886B5F9DADD8}.Debug|Any CPU.ActiveCfg = Debug|Any CPU
		{3ED39DEB-A0B9-4BBB-AF4A-886B5F9DADD8}.Debug|Any CPU.Build.0 = Debug|Any CPU
		{3ED39DEB-A0B9-4BBB-AF4A-886B5F9DADD8}.Release|Any CPU.ActiveCfg = Release|Any CPU
		{3ED39DEB-A0B9-4BBB-AF4A-886B5F9DADD8}.Release|Any CPU.Build.0 = Release|Any CPU
		{B6FE7F80-7728-4351-87DE-F3AD6BD6A931}.Debug|Any CPU.ActiveCfg = Debug|Any CPU
		{B6FE7F80-7728-4351-87DE-F3AD6BD6A931}.Debug|Any CPU.Build.0 = Debug|Any CPU
		{B6FE7F80-7728-4351-87DE-F3AD6BD6A931}.Release|Any CPU.ActiveCfg = Release|Any CPU
		{B6FE7F80-7728-4351-87DE-F3AD6BD6A931}.Release|Any CPU.Build.0 = Release|Any CPU
	EndGlobalSection
	GlobalSection(NestedProjects) = preSolution
		{182CA661-920B-4D82-BC68-F50D75E9B12E} = {A2B7A4B0-4CAA-434D-982A-1DA6357B2800}
		{634EB959-70AC-43A7-A93C-0939274457D6} = {A2B7A4B0-4CAA-434D-982A-1DA6357B2800}
		{FFBEC69F-BC97-4291-82D8-35A2C8FFEB0E} = {A2B7A4B0-4CAA-434D-982A-1DA6357B2800}
		{24BEABF6-B71E-4071-B1C5-EBE943D47606} = {A2B7A4B0-4CAA-434D-982A-1DA6357B2800}
		{45018301-442C-42D9-AB59-2B5E841965BF} = {60473A72-F4F2-4B16-9357-A0948ADF733D}
		{3ED39DEB-A0B9-4BBB-AF4A-886B5F9DADD8} = {60473A72-F4F2-4B16-9357-A0948ADF733D}
		{B6FE7F80-7728-4351-87DE-F3AD6BD6A931} = {A2B7A4B0-4CAA-434D-982A-1DA6357B2800}
	EndGlobalSection
EndGlobal
