
Microsoft Visual Studio Solution File, Format Version 12.00
# Visual Studio Version 17
VisualStudioVersion = 17.1.32421.90
MinimumVisualStudioVersion = 10.0.40219.1
Project("{2150E333-8FDC-42A3-9474-1A3956D46DE8}") = "Application", "Application", "{AC02742C-2077-469C-AD4D-3A87B2CC32D2}"
EndProject
Project("{2150E333-8FDC-42A3-9474-1A3956D46DE8}") = "Infrastructure", "Infrastructure", "{E3FE5F57-D70D-4973-BE2D-9C0CEE0F33A7}"
EndProject
Project("{9A19103F-16F7-4668-BE54-9A1E7A4F7556}") = "RedditMockup.Model", "RedditMockup.Model\RedditMockup.Model.csproj", "{85451F89-AE7A-4B45-9E5C-D7B7996AE7A7}"
EndProject
Project("{9A19103F-16F7-4668-BE54-9A1E7A4F7556}") = "RedditMockup.Web", "RedditMockup.Web\RedditMockup.Web.csproj", "{F168C821-3A0F-40FD-A600-031E49A1A920}"
EndProject
Project("{9A19103F-16F7-4668-BE54-9A1E7A4F7556}") = "RedditMockup.DataAccess", "RedditMockup.DataAccess\RedditMockup.DataAccess.csproj", "{F7BDB3D0-0D9A-44F7-95E9-9EFBAEADE7AF}"
EndProject
Project("{9A19103F-16F7-4668-BE54-9A1E7A4F7556}") = "RedditMockup.Common", "RedditMockup.Common\RedditMockup.Common.csproj", "{5E166E6C-2ECF-4615-832D-56CB0201E2FE}"
EndProject
Project("{9A19103F-16F7-4668-BE54-9A1E7A4F7556}") = "RedditMockup.Business", "RedditMockup.Business\RedditMockup.Business.csproj", "{F1F32C5D-BA61-4B3E-863F-F058EDA024D1}"
EndProject
Project("{9A19103F-16F7-4668-BE54-9A1E7A4F7556}") = "RedditMockup.Api", "RedditMockup.Api\RedditMockup.Api.csproj", "{31A3793E-3CAD-4E61-B057-6E9E7341B202}"
EndProject
Project("{2150E333-8FDC-42A3-9474-1A3956D46DE8}") = "Tests", "Tests", "{6139C60F-ABA3-4EB5-8433-4E88A5F6C9A6}"
EndProject
Project("{2150E333-8FDC-42A3-9474-1A3956D46DE8}") = "IntegrationTests", "IntegrationTests", "{3A4E3860-A539-4EC1-A7DB-4C950FB0F004}"
EndProject
Project("{9A19103F-16F7-4668-BE54-9A1E7A4F7556}") = "RedditMockup.IntegrationTest", "RedditMockup.IntegrationTest\RedditMockup.IntegrationTest.csproj", "{4EDC313C-5954-49AE-B3E3-CA66EBE2340F}"
EndProject
Project("{FAE04EC0-301F-11D3-BF4B-00C04F79EFBC}") = "RedditMockup.IntegrationTests", "RedditMockup.IntegrationTests\RedditMockup.IntegrationTests.csproj", "{A673C91F-31C1-4366-BBC0-88FD6FB6DEC7}"
EndProject
Global
	GlobalSection(SolutionConfigurationPlatforms) = preSolution
		Debug|Any CPU = Debug|Any CPU
		Release|Any CPU = Release|Any CPU
	EndGlobalSection
	GlobalSection(ProjectConfigurationPlatforms) = postSolution
		{85451F89-AE7A-4B45-9E5C-D7B7996AE7A7}.Debug|Any CPU.ActiveCfg = Debug|Any CPU
		{85451F89-AE7A-4B45-9E5C-D7B7996AE7A7}.Debug|Any CPU.Build.0 = Debug|Any CPU
		{85451F89-AE7A-4B45-9E5C-D7B7996AE7A7}.Release|Any CPU.ActiveCfg = Release|Any CPU
		{85451F89-AE7A-4B45-9E5C-D7B7996AE7A7}.Release|Any CPU.Build.0 = Release|Any CPU
		{F168C821-3A0F-40FD-A600-031E49A1A920}.Debug|Any CPU.ActiveCfg = Debug|Any CPU
		{F168C821-3A0F-40FD-A600-031E49A1A920}.Debug|Any CPU.Build.0 = Debug|Any CPU
		{F168C821-3A0F-40FD-A600-031E49A1A920}.Release|Any CPU.ActiveCfg = Release|Any CPU
		{F168C821-3A0F-40FD-A600-031E49A1A920}.Release|Any CPU.Build.0 = Release|Any CPU
		{F7BDB3D0-0D9A-44F7-95E9-9EFBAEADE7AF}.Debug|Any CPU.ActiveCfg = Debug|Any CPU
		{F7BDB3D0-0D9A-44F7-95E9-9EFBAEADE7AF}.Debug|Any CPU.Build.0 = Debug|Any CPU
		{F7BDB3D0-0D9A-44F7-95E9-9EFBAEADE7AF}.Release|Any CPU.ActiveCfg = Release|Any CPU
		{F7BDB3D0-0D9A-44F7-95E9-9EFBAEADE7AF}.Release|Any CPU.Build.0 = Release|Any CPU
		{5E166E6C-2ECF-4615-832D-56CB0201E2FE}.Debug|Any CPU.ActiveCfg = Debug|Any CPU
		{5E166E6C-2ECF-4615-832D-56CB0201E2FE}.Debug|Any CPU.Build.0 = Debug|Any CPU
		{5E166E6C-2ECF-4615-832D-56CB0201E2FE}.Release|Any CPU.ActiveCfg = Release|Any CPU
		{5E166E6C-2ECF-4615-832D-56CB0201E2FE}.Release|Any CPU.Build.0 = Release|Any CPU
		{F1F32C5D-BA61-4B3E-863F-F058EDA024D1}.Debug|Any CPU.ActiveCfg = Debug|Any CPU
		{F1F32C5D-BA61-4B3E-863F-F058EDA024D1}.Debug|Any CPU.Build.0 = Debug|Any CPU
		{F1F32C5D-BA61-4B3E-863F-F058EDA024D1}.Release|Any CPU.ActiveCfg = Release|Any CPU
		{F1F32C5D-BA61-4B3E-863F-F058EDA024D1}.Release|Any CPU.Build.0 = Release|Any CPU
		{31A3793E-3CAD-4E61-B057-6E9E7341B202}.Debug|Any CPU.ActiveCfg = Debug|Any CPU
		{31A3793E-3CAD-4E61-B057-6E9E7341B202}.Debug|Any CPU.Build.0 = Debug|Any CPU
		{31A3793E-3CAD-4E61-B057-6E9E7341B202}.Release|Any CPU.ActiveCfg = Release|Any CPU
		{31A3793E-3CAD-4E61-B057-6E9E7341B202}.Release|Any CPU.Build.0 = Release|Any CPU
		{4EDC313C-5954-49AE-B3E3-CA66EBE2340F}.Debug|Any CPU.ActiveCfg = Debug|Any CPU
		{4EDC313C-5954-49AE-B3E3-CA66EBE2340F}.Debug|Any CPU.Build.0 = Debug|Any CPU
		{4EDC313C-5954-49AE-B3E3-CA66EBE2340F}.Release|Any CPU.ActiveCfg = Release|Any CPU
		{4EDC313C-5954-49AE-B3E3-CA66EBE2340F}.Release|Any CPU.Build.0 = Release|Any CPU
		{A673C91F-31C1-4366-BBC0-88FD6FB6DEC7}.Debug|Any CPU.ActiveCfg = Debug|Any CPU
		{A673C91F-31C1-4366-BBC0-88FD6FB6DEC7}.Debug|Any CPU.Build.0 = Debug|Any CPU
		{A673C91F-31C1-4366-BBC0-88FD6FB6DEC7}.Release|Any CPU.ActiveCfg = Release|Any CPU
		{A673C91F-31C1-4366-BBC0-88FD6FB6DEC7}.Release|Any CPU.Build.0 = Release|Any CPU
	EndGlobalSection
	GlobalSection(SolutionProperties) = preSolution
		HideSolutionNode = FALSE
	EndGlobalSection
	GlobalSection(NestedProjects) = preSolution
		{85451F89-AE7A-4B45-9E5C-D7B7996AE7A7} = {E3FE5F57-D70D-4973-BE2D-9C0CEE0F33A7}
		{F168C821-3A0F-40FD-A600-031E49A1A920} = {AC02742C-2077-469C-AD4D-3A87B2CC32D2}
		{F7BDB3D0-0D9A-44F7-95E9-9EFBAEADE7AF} = {E3FE5F57-D70D-4973-BE2D-9C0CEE0F33A7}
		{5E166E6C-2ECF-4615-832D-56CB0201E2FE} = {E3FE5F57-D70D-4973-BE2D-9C0CEE0F33A7}
		{F1F32C5D-BA61-4B3E-863F-F058EDA024D1} = {E3FE5F57-D70D-4973-BE2D-9C0CEE0F33A7}
		{31A3793E-3CAD-4E61-B057-6E9E7341B202} = {E3FE5F57-D70D-4973-BE2D-9C0CEE0F33A7}
		{3A4E3860-A539-4EC1-A7DB-4C950FB0F004} = {6139C60F-ABA3-4EB5-8433-4E88A5F6C9A6}
		{4EDC313C-5954-49AE-B3E3-CA66EBE2340F} = {3A4E3860-A539-4EC1-A7DB-4C950FB0F004}
		{A673C91F-31C1-4366-BBC0-88FD6FB6DEC7} = {3A4E3860-A539-4EC1-A7DB-4C950FB0F004}
	EndGlobalSection
	GlobalSection(ExtensibilityGlobals) = postSolution
		SolutionGuid = {49424290-6450-4DAF-B4F3-88CD63F26494}
	EndGlobalSection
EndGlobal
